
Microsoft Visual Studio Solution File, Format Version 12.00
# Visual Studio Version 17
VisualStudioVersion = 17.6.33723.286
MinimumVisualStudioVersion = 10.0.40219.1
Project("{FAE04EC0-301F-11D3-BF4B-00C04F79EFBC}") = "Genshin_Impact_Start", "Genshin_Impact_Start\Genshin_Impact_Start.csproj", "{43FCFDF9-2A3C-4A63-A77F-193B92E17FD9}"
EndProject
Global
	GlobalSection(SolutionConfigurationPlatforms) = preSolution
		Debug|Any CPU = Debug|Any CPU
		Release|Any CPU = Release|Any CPU
	EndGlobalSection
	GlobalSection(ProjectConfigurationPlatforms) = postSolution
		{43FCFDF9-2A3C-4A63-A77F-193B92E17FD9}.Debug|Any CPU.ActiveCfg = Debug|Any CPU
		{43FCFDF9-2A3C-4A63-A77F-193B92E17FD9}.Debug|Any CPU.Build.0 = Debug|Any CPU
		{43FCFDF9-2A3C-4A63-A77F-193B92E17FD9}.Release|Any CPU.ActiveCfg = Release|Any CPU
		{43FCFDF9-2A3C-4A63-A77F-193B92E17FD9}.Release|Any CPU.Build.0 = Release|Any CPU
	EndGlobalSection
	GlobalSection(SolutionProperties) = preSolution
		HideSolutionNode = FALSE
	EndGlobalSection
	GlobalSection(ExtensibilityGlobals) = postSolution
		SolutionGuid = {2D159892-3DBB-4349-9194-CF329BB9E03F}
	EndGlobalSection
EndGlobal
